
Microsoft Visual Studio Solution File, Format Version 12.00
# Visual Studio Version 16
VisualStudioVersion = 16.0.32602.291
MinimumVisualStudioVersion = 10.0.40219.1
Project("{FAE04EC0-301F-11D3-BF4B-00C04F79EFBC}") = "QuickSort", "QuickSort\QuickSort.csproj", "{5C622A26-7215-4105-8341-F85DE384CECB}"
EndProject
Global
	GlobalSection(SolutionConfigurationPlatforms) = preSolution
		Debug|Any CPU = Debug|Any CPU
		Release|Any CPU = Release|Any CPU
	EndGlobalSection
	GlobalSection(ProjectConfigurationPlatforms) = postSolution
		{5C622A26-7215-4105-8341-F85DE384CECB}.Debug|Any CPU.ActiveCfg = Debug|Any CPU
		{5C622A26-7215-4105-8341-F85DE384CECB}.Debug|Any CPU.Build.0 = Debug|Any CPU
		{5C622A26-7215-4105-8341-F85DE384CECB}.Release|Any CPU.ActiveCfg = Release|Any CPU
		{5C622A26-7215-4105-8341-F85DE384CECB}.Release|Any CPU.Build.0 = Release|Any CPU
	EndGlobalSection
	GlobalSection(SolutionProperties) = preSolution
		HideSolutionNode = FALSE
	EndGlobalSection
	GlobalSection(ExtensibilityGlobals) = postSolution
		SolutionGuid = {7F9E6CFD-6F3B-472A-83AD-BCECAA850EE6}
	EndGlobalSection
EndGlobal
